
Microsoft Visual Studio Solution File, Format Version 12.00
# Visual Studio Version 17
VisualStudioVersion = 17.3.32929.385
MinimumVisualStudioVersion = 10.0.40219.1
Project("{FAE04EC0-301F-11D3-BF4B-00C04F79EFBC}") = "WaterLogger", "WaterLogger\WaterLogger.csproj", "{E28E793B-F8F9-491B-BCE0-DEAAF085B32D}"
EndProject
Global
	GlobalSection(SolutionConfigurationPlatforms) = preSolution
		Debug|Any CPU = Debug|Any CPU
		Release|Any CPU = Release|Any CPU
	EndGlobalSection
	GlobalSection(ProjectConfigurationPlatforms) = postSolution
		{E28E793B-F8F9-491B-BCE0-DEAAF085B32D}.Debug|Any CPU.ActiveCfg = Debug|Any CPU
		{E28E793B-F8F9-491B-BCE0-DEAAF085B32D}.Debug|Any CPU.Build.0 = Debug|Any CPU
		{E28E793B-F8F9-491B-BCE0-DEAAF085B32D}.Release|Any CPU.ActiveCfg = Release|Any CPU
		{E28E793B-F8F9-491B-BCE0-DEAAF085B32D}.Release|Any CPU.Build.0 = Release|Any CPU
	EndGlobalSection
	GlobalSection(SolutionProperties) = preSolution
		HideSolutionNode = FALSE
	EndGlobalSection
	GlobalSection(ExtensibilityGlobals) = postSolution
		SolutionGuid = {A94B7AE5-2289-4A30-A1DE-426897DD685D}
	EndGlobalSection
EndGlobal
